
Microsoft Visual Studio Solution File, Format Version 12.00
# Visual Studio Version 16
VisualStudioVersion = 16.0.32228.343
MinimumVisualStudioVersion = 10.0.40219.1
Project("{FAE04EC0-301F-11D3-BF4B-00C04F79EFBC}") = "EDRProcessor", "EDRProcessor.csproj", "{21C049D6-42A4-48AE-9DE0-44230AF3666F}"
EndProject
Global
	GlobalSection(SolutionConfigurationPlatforms) = preSolution
		Debug|Any CPU = Debug|Any CPU
		Release|Any CPU = Release|Any CPU
	EndGlobalSection
	GlobalSection(ProjectConfigurationPlatforms) = postSolution
		{21C049D6-42A4-48AE-9DE0-44230AF3666F}.Debug|Any CPU.ActiveCfg = Debug|Any CPU
		{21C049D6-42A4-48AE-9DE0-44230AF3666F}.Debug|Any CPU.Build.0 = Debug|Any CPU
		{21C049D6-42A4-48AE-9DE0-44230AF3666F}.Release|Any CPU.ActiveCfg = Release|Any CPU
		{21C049D6-42A4-48AE-9DE0-44230AF3666F}.Release|Any CPU.Build.0 = Release|Any CPU
	EndGlobalSection
	GlobalSection(SolutionProperties) = preSolution
		HideSolutionNode = FALSE
	EndGlobalSection
	GlobalSection(ExtensibilityGlobals) = postSolution
		SolutionGuid = {7D3FE100-6C62-4450-AA82-FB6518C435A2}
	EndGlobalSection
EndGlobal
